// !$*UTF8*$!
{
	archiveVersion = 1;
	classes = {
	};
	objectVersion = 50;
	objects = {

/* Begin PBXBuildFile section */
		E26AF32E26EE448200B754FD /* AppDelegate.m in Sources */ = {isa = PBXBuildFile; fileRef = E26AF32D26EE448200B754FD /* AppDelegate.m */; };
		E26AF33126EE448200B754FD /* SceneDelegate.m in Sources */ = {isa = PBXBuildFile; fileRef = E26AF33026EE448200B754FD /* SceneDelegate.m */; };
		E26AF33426EE448200B754FD /* ViewController.m in Sources */ = {isa = PBXBuildFile; fileRef = E26AF33326EE448200B754FD /* ViewController.m */; };
		E26AF33726EE448200B754FD /* Main.storyboard in Resources */ = {isa = PBXBuildFile; fileRef = E26AF33526EE448200B754FD /* Main.storyboard */; };
		E26AF33926EE448300B754FD /* Assets.xcassets in Resources */ = {isa = PBXBuildFile; fileRef = E26AF33826EE448300B754FD /* Assets.xcassets */; };
		E26AF33C26EE448300B754FD /* LaunchScreen.storyboard in Resources */ = {isa = PBXBuildFile; fileRef = E26AF33A26EE448300B754FD /* LaunchScreen.storyboard */; };
		E26AF33F26EE448300B754FD /* main.m in Sources */ = {isa = PBXBuildFile; fileRef = E26AF33E26EE448300B754FD /* main.m */; };
/* End PBXBuildFile section */

/* Begin PBXFileReference section */
		E26AF32926EE448200B754FD /* OrzInjection.app */ = {isa = PBXFileReference; explicitFileType = wrapper.application; includeInIndex = 0; path = OrzInjection.app; sourceTree = BUILT_PRODUCTS_DIR; };
		E26AF32C26EE448200B754FD /* AppDelegate.h */ = {isa = PBXFileReference; lastKnownFileType = sourcecode.c.h; path = AppDelegate.h; sourceTree = "<group>"; };
		E26AF32D26EE448200B754FD /* AppDelegate.m */ = {isa = PBXFileReference; lastKnownFileType = sourcecode.c.objc; path = AppDelegate.m; sourceTree = "<group>"; };
		E26AF32F26EE448200B754FD /* SceneDelegate.h */ = {isa = PBXFileReference; lastKnownFileType = sourcecode.c.h; path = SceneDelegate.h; sourceTree = "<group>"; };
		E26AF33026EE448200B754FD /* SceneDelegate.m */ = {isa = PBXFileReference; lastKnownFileType = sourcecode.c.objc; path = SceneDelegate.m; sourceTree = "<group>"; };
		E26AF33226EE448200B754FD /* ViewController.h */ = {isa = PBXFileReference; lastKnownFileType = sourcecode.c.h; path = ViewController.h; sourceTree = "<group>"; };
		E26AF33326EE448200B754FD /* ViewController.m */ = {isa = PBXFileReference; lastKnownFileType = sourcecode.c.objc; path = ViewController.m; sourceTree = "<group>"; };
		E26AF33626EE448200B754FD /* Base */ = {isa = PBXFileReference; lastKnownFileType = file.storyboard; name = Base; path = Base.lproj/Main.storyboard; sourceTree = "<group>"; };
		E26AF33826EE448300B754FD /* Assets.xcassets */ = {isa = PBXFileReference; lastKnownFileType = folder.assetcatalog; path = Assets.xcassets; sourceTree = "<group>"; };
		E26AF33B26EE448300B754FD /* Base */ = {isa = PBXFileReference; lastKnownFileType = file.storyboard; name = Base; path = Base.lproj/LaunchScreen.storyboard; sourceTree = "<group>"; };
		E26AF33D26EE448300B754FD /* Info.plist */ = {isa = PBXFileReference; lastKnownFileType = text.plist.xml; path = Info.plist; sourceTree = "<group>"; };
		E26AF33E26EE448300B754FD /* main.m */ = {isa = PBXFileReference; lastKnownFileType = sourcecode.c.objc; path = main.m; sourceTree = "<group>"; };
/* End PBXFileReference section */

/* Begin PBXFrameworksBuildPhase section */
		E26AF32626EE448200B754FD /* Frameworks */ = {
			isa = PBXFrameworksBuildPhase;
			buildActionMask = 2147483647;
			files = (
			);
			runOnlyForDeploymentPostprocessing = 0;
		};
/* End PBXFrameworksBuildPhase section */

/* Begin PBXGroup section */
		E26AF32026EE448100B754FD = {
			isa = PBXGroup;
			children = (
				E26AF32B26EE448200B754FD /* OrzInjection */,
				E26AF32A26EE448200B754FD /* Products */,
			);
			sourceTree = "<group>";
		};
		E26AF32A26EE448200B754FD /* Products */ = {
			isa = PBXGroup;
			children = (
				E26AF32926EE448200B754FD /* OrzInjection.app */,
			);
			name = Products;
			sourceTree = "<group>";
		};
		E26AF32B26EE448200B754FD /* OrzInjection */ = {
			isa = PBXGroup;
			children = (
				E26AF32C26EE448200B754FD /* AppDelegate.h */,
				E26AF32D26EE448200B754FD /* AppDelegate.m */,
				E26AF32F26EE448200B754FD /* SceneDelegate.h */,
				E26AF33026EE448200B754FD /* SceneDelegate.m */,
				E26AF33226EE448200B754FD /* ViewController.h */,
				E26AF33326EE448200B754FD /* ViewController.m */,
				E26AF33526EE448200B754FD /* Main.storyboard */,
				E26AF33826EE448300B754FD /* Assets.xcassets */,
				E26AF33A26EE448300B754FD /* LaunchScreen.storyboard */,
				E26AF33D26EE448300B754FD /* Info.plist */,
				E26AF33E26EE448300B754FD /* main.m */,
			);
			path = OrzInjection;
			sourceTree = "<group>";
		};
/* End PBXGroup section */

/* Begin PBXNativeTarget section */
		E26AF32826EE448200B754FD /* OrzInjection */ = {
			isa = PBXNativeTarget;
			buildConfigurationList = E26AF34226EE448300B754FD /* Build configuration list for PBXNativeTarget "OrzInjection" */;
			buildPhases = (
				E26AF32526EE448200B754FD /* Sources */,
				E26AF32626EE448200B754FD /* Frameworks */,
				E26AF32726EE448200B754FD /* Resources */,
			);
			buildRules = (
			);
			dependencies = (
			);
			name = OrzInjection;
			productName = OrzInjection;
			productReference = E26AF32926EE448200B754FD /* OrzInjection.app */;
			productType = "com.apple.product-type.application";
		};
/* End PBXNativeTarget section */

/* Begin PBXProject section */
		E26AF32126EE448100B754FD /* Project object */ = {
			isa = PBXProject;
			attributes = {
				LastUpgradeCheck = 1250;
				TargetAttributes = {
					E26AF32826EE448200B754FD = {
						CreatedOnToolsVersion = 12.5.1;
					};
				};
			};
			buildConfigurationList = E26AF32426EE448100B754FD /* Build configuration list for PBXProject "OrzInjection" */;
			compatibilityVersion = "Xcode 9.3";
			developmentRegion = en;
			hasScannedForEncodings = 0;
			knownRegions = (
				en,
				Base,
			);
			mainGroup = E26AF32026EE448100B754FD;
			productRefGroup = E26AF32A26EE448200B754FD /* Products */;
			projectDirPath = "";
			projectRoot = "";
			targets = (
				E26AF32826EE448200B754FD /* OrzInjection */,
			);
		};
/* End PBXProject section */

/* Begin PBXResourcesBuildPhase section */
		E26AF32726EE448200B754FD /* Resources */ = {
			isa = PBXResourcesBuildPhase;
			buildActionMask = 2147483647;
			files = (
				E26AF33C26EE448300B754FD /* LaunchScreen.storyboard in Resources */,
				E26AF33926EE448300B754FD /* Assets.xcassets in Resources */,
				E26AF33726EE448200B754FD /* Main.storyboard in Resources */,
			);
			runOnlyForDeploymentPostprocessing = 0;
		};
/* End PBXResourcesBuildPhase section */

/* Begin PBXSourcesBuildPhase section */
		E26AF32526EE448200B754FD /* Sources */ = {
			isa = PBXSourcesBuildPhase;
			buildActionMask = 2147483647;
			files = (
				E26AF33426EE448200B754FD /* ViewController.m in Sources */,
				E26AF32E26EE448200B754FD /* AppDelegate.m in Sources */,
				E26AF33F26EE448300B754FD /* main.m in Sources */,
				E26AF33126EE448200B754FD /* SceneDelegate.m in Sources */,
			);
			runOnlyForDeploymentPostprocessing = 0;
		};
/* End PBXSourcesBuildPhase section */

/* Begin PBXVariantGroup section */
		E26AF33526EE448200B754FD /* Main.storyboard */ = {
			isa = PBXVariantGroup;
			children = (
				E26AF33626EE448200B754FD /* Base */,
			);
			name = Main.storyboard;
			sourceTree = "<group>";
		};
		E26AF33A26EE448300B754FD /* LaunchScreen.storyboard */ = {
			isa = PBXVariantGroup;
			children = (
				E26AF33B26EE448300B754FD /* Base */,
			);
			name = LaunchScreen.storyboard;
			sourceTree = "<group>";
		};
/* End PBXVariantGroup section */

/* Begin XCBuildConfiguration section */
		E26AF34026EE448300B754FD /* Debug */ = {
			isa = XCBuildConfiguration;
			buildSettings = {
				ALWAYS_SEARCH_USER_PATHS = NO;
				CLANG_ANALYZER_NONNULL = YES;
				CLANG_ANALYZER_NUMBER_OBJECT_CONVERSION = YES_AGGRESSIVE;
				CLANG_CXX_LANGUAGE_STANDARD = "gnu++14";
				CLANG_CXX_LIBRARY = "libc++";
				CLANG_ENABLE_MODULES = YES;
				CLANG_ENABLE_OBJC_ARC = YES;
				CLANG_ENABLE_OBJC_WEAK = YES;
				CLANG_WARN_BLOCK_CAPTURE_AUTORELEASING = YES;
				CLANG_WARN_BOOL_CONVERSION = YES;
				CLANG_WARN_COMMA = YES;
				CLANG_WARN_CONSTANT_CONVERSION = YES;
				CLANG_WARN_DEPRECATED_OBJC_IMPLEMENTATIONS = YES;
				CLANG_WARN_DIRECT_OBJC_ISA_USAGE = YES_ERROR;
				CLANG_WARN_DOCUMENTATION_COMMENTS = YES;
				CLANG_WARN_EMPTY_BODY = YES;
				CLANG_WARN_ENUM_CONVERSION = YES;
				CLANG_WARN_INFINITE_RECURSION = YES;
				CLANG_WARN_INT_CONVERSION = YES;
				CLANG_WARN_NON_LITERAL_NULL_CONVERSION = YES;
				CLANG_WARN_OBJC_IMPLICIT_RETAIN_SELF = YES;
				CLANG_WARN_OBJC_LITERAL_CONVERSION = YES;
				CLANG_WARN_OBJC_ROOT_CLASS = YES_ERROR;
				CLANG_WARN_QUOTED_INCLUDE_IN_FRAMEWORK_HEADER = YES;
				CLANG_WARN_RANGE_LOOP_ANALYSIS = YES;
				CLANG_WARN_STRICT_PROTOTYPES = YES;
				CLANG_WARN_SUSPICIOUS_MOVE = YES;
				CLANG_WARN_UNGUARDED_AVAILABILITY = YES_AGGRESSIVE;
				CLANG_WARN_UNREACHABLE_CODE = YES;
				CLANG_WARN__DUPLICATE_METHOD_MATCH = YES;
				COPY_PHASE_STRIP = NO;
				DEBUG_INFORMATION_FORMAT = dwarf;
				ENABLE_STRICT_OBJC_MSGSEND = YES;
				ENABLE_TESTABILITY = YES;
				GCC_C_LANGUAGE_STANDARD = gnu11;
				GCC_DYNAMIC_NO_PIC = NO;
				GCC_NO_COMMON_BLOCKS = YES;
				GCC_OPTIMIZATION_LEVEL = 0;
				GCC_PREPROCESSOR_DEFINITIONS = (
					"DEBUG=1",
					"$(inherited)",
				);
				GCC_WARN_64_TO_32_BIT_CONVERSION = YES;
				GCC_WARN_ABOUT_RETURN_TYPE = YES_ERROR;
				GCC_WARN_UNDECLARED_SELECTOR = YES;
				GCC_WARN_UNINITIALIZED_AUTOS = YES_AGGRESSIVE;
				GCC_WARN_UNUSED_FUNCTION = YES;
				GCC_WARN_UNUSED_VARIABLE = YES;
				IPHONEOS_DEPLOYMENT_TARGET = 14.5;
				MTL_ENABLE_DEBUG_INFO = INCLUDE_SOURCE;
				MTL_FAST_MATH = YES;
				ONLY_ACTIVE_ARCH = YES;
				SDKROOT = iphoneos;
			};
			name = Debug;
		};
		E26AF34126EE448300B754FD /* Release */ = {
			isa = XCBuildConfiguration;
			buildSettings = {
				ALWAYS_SEARCH_USER_PATHS = NO;
				CLANG_ANALYZER_NONNULL = YES;
				CLANG_ANALYZER_NUMBER_OBJECT_CONVERSION = YES_AGGRESSIVE;
				CLANG_CXX_LANGUAGE_STANDARD = "gnu++14";
				CLANG_CXX_LIBRARY = "libc++";
				CLANG_ENABLE_MODULES = YES;
				CLANG_ENABLE_OBJC_ARC = YES;
				CLANG_ENABLE_OBJC_WEAK = YES;
				CLANG_WARN_BLOCK_CAPTURE_AUTORELEASING = YES;
				CLANG_WARN_BOOL_CONVERSION = YES;
				CLANG_WARN_COMMA = YES;
				CLANG_WARN_CONSTANT_CONVERSION = YES;
				CLANG_WARN_DEPRECATED_OBJC_IMPLEMENTATIONS = YES;
				CLANG_WARN_DIRECT_OBJC_ISA_USAGE = YES_ERROR;
				CLANG_WARN_DOCUMENTATION_COMMENTS = YES;
				CLANG_WARN_EMPTY_BODY = YES;
				CLANG_WARN_ENUM_CONVERSION = YES;
				CLANG_WARN_INFINITE_RECURSION = YES;
				CLANG_WARN_INT_CONVERSION = YES;
				CLANG_WARN_NON_LITERAL_NULL_CONVERSION = YES;
				CLANG_WARN_OBJC_IMPLICIT_RETAIN_SELF = YES;
				CLANG_WARN_OBJC_LITERAL_CONVERSION = YES;
				CLANG_WARN_OBJC_ROOT_CLASS = YES_ERROR;
				CLANG_WARN_QUOTED_INCLUDE_IN_FRAMEWORK_HEADER = YES;
				CLANG_WARN_RANGE_LOOP_ANALYSIS = YES;
				CLANG_WARN_STRICT_PROTOTYPES = YES;
				CLANG_WARN_SUSPICIOUS_MOVE = YES;
				CLANG_WARN_UNGUARDED_AVAILABILITY = YES_AGGRESSIVE;
				CLANG_WARN_UNREACHABLE_CODE = YES;
				CLANG_WARN__DUPLICATE_METHOD_MATCH = YES;
				COPY_PHASE_STRIP = NO;
				DEBUG_INFORMATION_FORMAT = "dwarf-with-dsym";
				ENABLE_NS_ASSERTIONS = NO;
				ENABLE_STRICT_OBJC_MSGSEND = YES;
				GCC_C_LANGUAGE_STANDARD = gnu11;
				GCC_NO_COMMON_BLOCKS = YES;
				GCC_WARN_64_TO_32_BIT_CONVERSION = YES;
				GCC_WARN_ABOUT_RETURN_TYPE = YES_ERROR;
				GCC_WARN_UNDECLARED_SELECTOR = YES;
				GCC_WARN_UNINITIALIZED_AUTOS = YES_AGGRESSIVE;
				GCC_WARN_UNUSED_FUNCTION = YES;
				GCC_WARN_UNUSED_VARIABLE = YES;
				IPHONEOS_DEPLOYMENT_TARGET = 14.5;
				MTL_ENABLE_DEBUG_INFO = NO;
				MTL_FAST_MATH = YES;
				SDKROOT = iphoneos;
				VALIDATE_PRODUCT = YES;
			};
			name = Release;
		};
		E26AF34326EE448300B754FD /* Debug */ = {
			isa = XCBuildConfiguration;
			buildSettings = {
				ASSETCATALOG_COMPILER_APPICON_NAME = AppIcon;
				ASSETCATALOG_COMPILER_GLOBAL_ACCENT_COLOR_NAME = AccentColor;
				CODE_SIGN_STYLE = Automatic;
				INFOPLIST_FILE = OrzInjection/Info.plist;
				LD_RUNPATH_SEARCH_PATHS = (
					"$(inherited)",
					"@executable_path/Frameworks",
				);
				PRODUCT_BUNDLE_IDENTIFIER = com.joker.OrzInjection;
				PRODUCT_NAME = "$(TARGET_NAME)";
				TARGETED_DEVICE_FAMILY = "1,2";
			};
			name = Debug;
		};
		E26AF34426EE448300B754FD /* Release */ = {
			isa = XCBuildConfiguration;
			buildSettings = {
				ASSETCATALOG_COMPILER_APPICON_NAME = AppIcon;
				ASSETCATALOG_COMPILER_GLOBAL_ACCENT_COLOR_NAME = AccentColor;
				CODE_SIGN_STYLE = Automatic;
				INFOPLIST_FILE = OrzInjection/Info.plist;
				LD_RUNPATH_SEARCH_PATHS = (
					"$(inherited)",
					"@executable_path/Frameworks",
				);
				PRODUCT_BUNDLE_IDENTIFIER = com.joker.OrzInjection;
				PRODUCT_NAME = "$(TARGET_NAME)";
				TARGETED_DEVICE_FAMILY = "1,2";
			};
			name = Release;
		};
/* End XCBuildConfiguration section */

/* Begin XCConfigurationList section */
		E26AF32426EE448100B754FD /* Build configuration list for PBXProject "OrzInjection" */ = {
			isa = XCConfigurationList;
			buildConfigurations = (
				E26AF34026EE448300B754FD /* Debug */,
				E26AF34126EE448300B754FD /* Release */,
			);
			defaultConfigurationIsVisible = 0;
			defaultConfigurationName = Release;
		};
		E26AF34226EE448300B754FD /* Build configuration list for PBXNativeTarget "OrzInjection" */ = {
			isa = XCConfigurationList;
			buildConfigurations = (
				E26AF34326EE448300B754FD /* Debug */,
				E26AF34426EE448300B754FD /* Release */,
			);
			defaultConfigurationIsVisible = 0;
			defaultConfigurationName = Release;
		};
/* End XCConfigurationList section */
	};
	rootObject = E26AF32126EE448100B754FD /* Project object */;
}
